
Microsoft Visual Studio Solution File, Format Version 12.00
# Visual Studio Version 17
VisualStudioVersion = 17.8.34330.188
MinimumVisualStudioVersion = 10.0.40219.1
Project("{9A19103F-16F7-4668-BE54-9A1E7A4F7556}") = "Demo01", "Demo01\Demo01.csproj", "{EB1FBE6C-8FB4-4E0F-BD72-B9806D180D89}"
EndProject
Project("{9A19103F-16F7-4668-BE54-9A1E7A4F7556}") = "ExerciceFilRouge", "ExerciceFilRouge\ExerciceFilRouge.csproj", "{D815292E-2E66-46BC-B0DA-0FD2C98BA9A3}"
EndProject
Project("{9A19103F-16F7-4668-BE54-9A1E7A4F7556}") = "ExerciceOrnithorynque", "ExerciceOrnithorynque\ExerciceOrnithorynque.csproj", "{3A4DDF0E-9C09-40A4-9C30-7A9BAB88E37A}"
EndProject
Project("{2150E333-8FDC-42A3-9474-1A3956D46DE8}") = "Éléments de solution", "Éléments de solution", "{20BA47AA-15CF-4E12-B684-0A91EA20A91A}"
	ProjectSection(SolutionItems) = preProject
		.gitignore = .gitignore
	EndProjectSection
EndProject
Global
	GlobalSection(SolutionConfigurationPlatforms) = preSolution
		Debug|Any CPU = Debug|Any CPU
		Release|Any CPU = Release|Any CPU
	EndGlobalSection
	GlobalSection(ProjectConfigurationPlatforms) = postSolution
		{EB1FBE6C-8FB4-4E0F-BD72-B9806D180D89}.Debug|Any CPU.ActiveCfg = Debug|Any CPU
		{EB1FBE6C-8FB4-4E0F-BD72-B9806D180D89}.Debug|Any CPU.Build.0 = Debug|Any CPU
		{EB1FBE6C-8FB4-4E0F-BD72-B9806D180D89}.Release|Any CPU.ActiveCfg = Release|Any CPU
		{EB1FBE6C-8FB4-4E0F-BD72-B9806D180D89}.Release|Any CPU.Build.0 = Release|Any CPU
		{D815292E-2E66-46BC-B0DA-0FD2C98BA9A3}.Debug|Any CPU.ActiveCfg = Debug|Any CPU
		{D815292E-2E66-46BC-B0DA-0FD2C98BA9A3}.Debug|Any CPU.Build.0 = Debug|Any CPU
		{D815292E-2E66-46BC-B0DA-0FD2C98BA9A3}.Release|Any CPU.ActiveCfg = Release|Any CPU
		{D815292E-2E66-46BC-B0DA-0FD2C98BA9A3}.Release|Any CPU.Build.0 = Release|Any CPU
		{3A4DDF0E-9C09-40A4-9C30-7A9BAB88E37A}.Debug|Any CPU.ActiveCfg = Debug|Any CPU
		{3A4DDF0E-9C09-40A4-9C30-7A9BAB88E37A}.Debug|Any CPU.Build.0 = Debug|Any CPU
		{3A4DDF0E-9C09-40A4-9C30-7A9BAB88E37A}.Release|Any CPU.ActiveCfg = Release|Any CPU
		{3A4DDF0E-9C09-40A4-9C30-7A9BAB88E37A}.Release|Any CPU.Build.0 = Release|Any CPU
	EndGlobalSection
	GlobalSection(SolutionProperties) = preSolution
		HideSolutionNode = FALSE
	EndGlobalSection
	GlobalSection(ExtensibilityGlobals) = postSolution
		SolutionGuid = {DF7E3F7F-C603-4440-80B5-F71012683AF3}
	EndGlobalSection
EndGlobal
