
Microsoft Visual Studio Solution File, Format Version 12.00
# Visual Studio Version 17
VisualStudioVersion = 17.8.34330.188
MinimumVisualStudioVersion = 10.0.40219.1
Project("{9A19103F-16F7-4668-BE54-9A1E7A4F7556}") = "Demo01", "Demo01\Demo01.csproj", "{EB1FBE6C-8FB4-4E0F-BD72-B9806D180D89}"
EndProject
Project("{9A19103F-16F7-4668-BE54-9A1E7A4F7556}") = "ExerciceFilRouge", "ExerciceFilRouge\ExerciceFilRouge.csproj", "{D815292E-2E66-46BC-B0DA-0FD2C98BA9A3}"
EndProject
Project("{9A19103F-16F7-4668-BE54-9A1E7A4F7556}") = "ExerciceOrnithorynque", "ExerciceOrnithorynque\ExerciceOrnithorynque.csproj", "{3A4DDF0E-9C09-40A4-9C30-7A9BAB88E37A}"
EndProject
Project("{2150E333-8FDC-42A3-9474-1A3956D46DE8}") = "Éléments de solution", "Éléments de solution", "{20BA47AA-15CF-4E12-B684-0A91EA20A91A}"
	ProjectSection(SolutionItems) = preProject
		.gitignore = .gitignore
	EndProjectSection
EndProject
Project("{FAE04EC0-301F-11D3-BF4B-00C04F79EFBC}") = "ToDoList", "ToDoList\ToDoList.csproj", "{8092EC99-B0E1-45AE-9592-F1EB9D48428C}"
EndProject
Project("{FAE04EC0-301F-11D3-BF4B-00C04F79EFBC}") = "Ecommerce", "Ecommerce\Ecommerce.csproj", "{253125C8-3CC0-4CDB-B824-D38947A732EF}"
EndProject
Project("{FAE04EC0-301F-11D3-BF4B-00C04F79EFBC}") = "TryDemo", "TryDemo\TryDemo.csproj", "{AD280502-08AB-44BB-B5BB-902EC8106433}"
EndProject
Project("{FAE04EC0-301F-11D3-BF4B-00C04F79EFBC}") = "WebApi", "WebApi\WebApi.csproj", "{3003D647-A1D0-4794-8FB1-2464FC1B5307}"
EndProject
Global
	GlobalSection(SolutionConfigurationPlatforms) = preSolution
		Debug|Any CPU = Debug|Any CPU
		Release|Any CPU = Release|Any CPU
	EndGlobalSection
	GlobalSection(ProjectConfigurationPlatforms) = postSolution
		{EB1FBE6C-8FB4-4E0F-BD72-B9806D180D89}.Debug|Any CPU.ActiveCfg = Debug|Any CPU
		{EB1FBE6C-8FB4-4E0F-BD72-B9806D180D89}.Debug|Any CPU.Build.0 = Debug|Any CPU
		{EB1FBE6C-8FB4-4E0F-BD72-B9806D180D89}.Release|Any CPU.ActiveCfg = Release|Any CPU
		{EB1FBE6C-8FB4-4E0F-BD72-B9806D180D89}.Release|Any CPU.Build.0 = Release|Any CPU
		{D815292E-2E66-46BC-B0DA-0FD2C98BA9A3}.Debug|Any CPU.ActiveCfg = Debug|Any CPU
		{D815292E-2E66-46BC-B0DA-0FD2C98BA9A3}.Debug|Any CPU.Build.0 = Debug|Any CPU
		{D815292E-2E66-46BC-B0DA-0FD2C98BA9A3}.Release|Any CPU.ActiveCfg = Release|Any CPU
		{D815292E-2E66-46BC-B0DA-0FD2C98BA9A3}.Release|Any CPU.Build.0 = Release|Any CPU
		{3A4DDF0E-9C09-40A4-9C30-7A9BAB88E37A}.Debug|Any CPU.ActiveCfg = Debug|Any CPU
		{3A4DDF0E-9C09-40A4-9C30-7A9BAB88E37A}.Debug|Any CPU.Build.0 = Debug|Any CPU
		{3A4DDF0E-9C09-40A4-9C30-7A9BAB88E37A}.Release|Any CPU.ActiveCfg = Release|Any CPU
		{3A4DDF0E-9C09-40A4-9C30-7A9BAB88E37A}.Release|Any CPU.Build.0 = Release|Any CPU
		{8092EC99-B0E1-45AE-9592-F1EB9D48428C}.Debug|Any CPU.ActiveCfg = Debug|Any CPU
		{8092EC99-B0E1-45AE-9592-F1EB9D48428C}.Debug|Any CPU.Build.0 = Debug|Any CPU
		{8092EC99-B0E1-45AE-9592-F1EB9D48428C}.Release|Any CPU.ActiveCfg = Release|Any CPU
		{8092EC99-B0E1-45AE-9592-F1EB9D48428C}.Release|Any CPU.Build.0 = Release|Any CPU
		{253125C8-3CC0-4CDB-B824-D38947A732EF}.Debug|Any CPU.ActiveCfg = Debug|Any CPU
		{253125C8-3CC0-4CDB-B824-D38947A732EF}.Debug|Any CPU.Build.0 = Debug|Any CPU
		{253125C8-3CC0-4CDB-B824-D38947A732EF}.Release|Any CPU.ActiveCfg = Release|Any CPU
		{253125C8-3CC0-4CDB-B824-D38947A732EF}.Release|Any CPU.Build.0 = Release|Any CPU
		{AD280502-08AB-44BB-B5BB-902EC8106433}.Debug|Any CPU.ActiveCfg = Debug|Any CPU
		{AD280502-08AB-44BB-B5BB-902EC8106433}.Debug|Any CPU.Build.0 = Debug|Any CPU
		{AD280502-08AB-44BB-B5BB-902EC8106433}.Release|Any CPU.ActiveCfg = Release|Any CPU
		{AD280502-08AB-44BB-B5BB-902EC8106433}.Release|Any CPU.Build.0 = Release|Any CPU
		{3003D647-A1D0-4794-8FB1-2464FC1B5307}.Debug|Any CPU.ActiveCfg = Debug|Any CPU
		{3003D647-A1D0-4794-8FB1-2464FC1B5307}.Debug|Any CPU.Build.0 = Debug|Any CPU
		{3003D647-A1D0-4794-8FB1-2464FC1B5307}.Release|Any CPU.ActiveCfg = Release|Any CPU
		{3003D647-A1D0-4794-8FB1-2464FC1B5307}.Release|Any CPU.Build.0 = Release|Any CPU
	EndGlobalSection
	GlobalSection(SolutionProperties) = preSolution
		HideSolutionNode = FALSE
	EndGlobalSection
	GlobalSection(ExtensibilityGlobals) = postSolution
		SolutionGuid = {DF7E3F7F-C603-4440-80B5-F71012683AF3}
	EndGlobalSection
EndGlobal
